
Microsoft Visual Studio Solution File, Format Version 12.00
# Visual Studio Version 17
VisualStudioVersion = 17.0.31825.309
MinimumVisualStudioVersion = 10.0.40219.1
Project("{9A19103F-16F7-4668-BE54-9A1E7A4F7556}") = "Users", "Users\Users.csproj", "{15440C56-822E-44EE-BBD2-5E25F2BFD974}"
EndProject
Project("{9A19103F-16F7-4668-BE54-9A1E7A4F7556}") = "Users.Test", "Users.Test\Users.Test.csproj", "{3A4B65EB-1449-4473-B304-53D9E9276821}"
EndProject
Project("{9A19103F-16F7-4668-BE54-9A1E7A4F7556}") = "Posts", "Posts\Posts.csproj", "{FB479420-FDDA-4F2D-9314-75C6752B8154}"
EndProject
Project("{9A19103F-16F7-4668-BE54-9A1E7A4F7556}") = "Comments", "Comments\Comments.csproj", "{B3CE4873-137B-4716-81A4-2C35639B6BFA}"
EndProject
Project("{9A19103F-16F7-4668-BE54-9A1E7A4F7556}") = "Comments.Test", "Comments.Test\Comments.Test.csproj", "{11B99DDE-F276-4A2E-BC80-FCEB11DAFA87}"
EndProject
Project("{9A19103F-16F7-4668-BE54-9A1E7A4F7556}") = "Posts.Test", "Posts.Test\Posts.Test.csproj", "{35CF1635-ABC9-456F-A105-DB195C4423E1}"
EndProject
Project("{9A19103F-16F7-4668-BE54-9A1E7A4F7556}") = "Models", "Models\Models.csproj", "{320CEBF2-949C-4444-B133-C45BB5B29632}"
EndProject
Project("{9A19103F-16F7-4668-BE54-9A1E7A4F7556}") = "Data", "Data\Data.csproj", "{8678CE57-4918-4245-BB86-5E64B18223B9}"
EndProject
Project("{9A19103F-16F7-4668-BE54-9A1E7A4F7556}") = "Data.Test", "Data.Test\Data.Test.csproj", "{2128FB03-2896-40C2-8ECF-16BC1E03541D}"
EndProject
Project("{2150E333-8FDC-42A3-9474-1A3956D46DE8}") = "Service", "Service", "{5D9CD6E5-8E69-49B4-A0AB-E1F1ECDDF71F}"
EndProject
Project("{2150E333-8FDC-42A3-9474-1A3956D46DE8}") = "Tests", "Tests", "{E6564F24-65EC-4EA0-BF4E-12A689406A01}"
EndProject
Project("{2150E333-8FDC-42A3-9474-1A3956D46DE8}") = "Core", "Core", "{070E4293-EF51-400F-B0DB-324859F1F093}"
EndProject
Project("{2150E333-8FDC-42A3-9474-1A3956D46DE8}") = "UI", "UI", "{EBF9C38A-7109-486A-8BF4-231A9820D0C5}"
EndProject
Project("{2150E333-8FDC-42A3-9474-1A3956D46DE8}") = "Data", "Data", "{57EFB259-F040-4D69-B060-8292B46A7491}"
EndProject
Project("{FAE04EC0-301F-11D3-BF4B-00C04F79EFBC}") = "BlazorFrontend", "BlazorFrontend\BlazorFrontend.csproj", "{277ACFF5-A75A-410B-A43E-0727673F377E}"
EndProject
Global
	GlobalSection(SolutionConfigurationPlatforms) = preSolution
		Debug|Any CPU = Debug|Any CPU
		Release|Any CPU = Release|Any CPU
	EndGlobalSection
	GlobalSection(ProjectConfigurationPlatforms) = postSolution
		{15440C56-822E-44EE-BBD2-5E25F2BFD974}.Debug|Any CPU.ActiveCfg = Debug|Any CPU
		{15440C56-822E-44EE-BBD2-5E25F2BFD974}.Debug|Any CPU.Build.0 = Debug|Any CPU
		{15440C56-822E-44EE-BBD2-5E25F2BFD974}.Release|Any CPU.ActiveCfg = Release|Any CPU
		{15440C56-822E-44EE-BBD2-5E25F2BFD974}.Release|Any CPU.Build.0 = Release|Any CPU
		{3A4B65EB-1449-4473-B304-53D9E9276821}.Debug|Any CPU.ActiveCfg = Debug|Any CPU
		{3A4B65EB-1449-4473-B304-53D9E9276821}.Debug|Any CPU.Build.0 = Debug|Any CPU
		{3A4B65EB-1449-4473-B304-53D9E9276821}.Release|Any CPU.ActiveCfg = Release|Any CPU
		{3A4B65EB-1449-4473-B304-53D9E9276821}.Release|Any CPU.Build.0 = Release|Any CPU
		{FB479420-FDDA-4F2D-9314-75C6752B8154}.Debug|Any CPU.ActiveCfg = Debug|Any CPU
		{FB479420-FDDA-4F2D-9314-75C6752B8154}.Debug|Any CPU.Build.0 = Debug|Any CPU
		{FB479420-FDDA-4F2D-9314-75C6752B8154}.Release|Any CPU.ActiveCfg = Release|Any CPU
		{FB479420-FDDA-4F2D-9314-75C6752B8154}.Release|Any CPU.Build.0 = Release|Any CPU
		{B3CE4873-137B-4716-81A4-2C35639B6BFA}.Debug|Any CPU.ActiveCfg = Debug|Any CPU
		{B3CE4873-137B-4716-81A4-2C35639B6BFA}.Debug|Any CPU.Build.0 = Debug|Any CPU
		{B3CE4873-137B-4716-81A4-2C35639B6BFA}.Release|Any CPU.ActiveCfg = Release|Any CPU
		{B3CE4873-137B-4716-81A4-2C35639B6BFA}.Release|Any CPU.Build.0 = Release|Any CPU
		{11B99DDE-F276-4A2E-BC80-FCEB11DAFA87}.Debug|Any CPU.ActiveCfg = Debug|Any CPU
		{11B99DDE-F276-4A2E-BC80-FCEB11DAFA87}.Debug|Any CPU.Build.0 = Debug|Any CPU
		{11B99DDE-F276-4A2E-BC80-FCEB11DAFA87}.Release|Any CPU.ActiveCfg = Release|Any CPU
		{11B99DDE-F276-4A2E-BC80-FCEB11DAFA87}.Release|Any CPU.Build.0 = Release|Any CPU
		{35CF1635-ABC9-456F-A105-DB195C4423E1}.Debug|Any CPU.ActiveCfg = Debug|Any CPU
		{35CF1635-ABC9-456F-A105-DB195C4423E1}.Debug|Any CPU.Build.0 = Debug|Any CPU
		{35CF1635-ABC9-456F-A105-DB195C4423E1}.Release|Any CPU.ActiveCfg = Release|Any CPU
		{35CF1635-ABC9-456F-A105-DB195C4423E1}.Release|Any CPU.Build.0 = Release|Any CPU
		{320CEBF2-949C-4444-B133-C45BB5B29632}.Debug|Any CPU.ActiveCfg = Debug|Any CPU
		{320CEBF2-949C-4444-B133-C45BB5B29632}.Debug|Any CPU.Build.0 = Debug|Any CPU
		{320CEBF2-949C-4444-B133-C45BB5B29632}.Release|Any CPU.ActiveCfg = Release|Any CPU
		{320CEBF2-949C-4444-B133-C45BB5B29632}.Release|Any CPU.Build.0 = Release|Any CPU
		{8678CE57-4918-4245-BB86-5E64B18223B9}.Debug|Any CPU.ActiveCfg = Debug|Any CPU
		{8678CE57-4918-4245-BB86-5E64B18223B9}.Debug|Any CPU.Build.0 = Debug|Any CPU
		{8678CE57-4918-4245-BB86-5E64B18223B9}.Release|Any CPU.ActiveCfg = Release|Any CPU
		{8678CE57-4918-4245-BB86-5E64B18223B9}.Release|Any CPU.Build.0 = Release|Any CPU
		{2128FB03-2896-40C2-8ECF-16BC1E03541D}.Debug|Any CPU.ActiveCfg = Debug|Any CPU
		{2128FB03-2896-40C2-8ECF-16BC1E03541D}.Debug|Any CPU.Build.0 = Debug|Any CPU
		{2128FB03-2896-40C2-8ECF-16BC1E03541D}.Release|Any CPU.ActiveCfg = Release|Any CPU
		{2128FB03-2896-40C2-8ECF-16BC1E03541D}.Release|Any CPU.Build.0 = Release|Any CPU
		{277ACFF5-A75A-410B-A43E-0727673F377E}.Debug|Any CPU.ActiveCfg = Debug|Any CPU
		{277ACFF5-A75A-410B-A43E-0727673F377E}.Debug|Any CPU.Build.0 = Debug|Any CPU
		{277ACFF5-A75A-410B-A43E-0727673F377E}.Release|Any CPU.ActiveCfg = Release|Any CPU
		{277ACFF5-A75A-410B-A43E-0727673F377E}.Release|Any CPU.Build.0 = Release|Any CPU
	EndGlobalSection
	GlobalSection(SolutionProperties) = preSolution
		HideSolutionNode = FALSE
	EndGlobalSection
	GlobalSection(NestedProjects) = preSolution
		{15440C56-822E-44EE-BBD2-5E25F2BFD974} = {5D9CD6E5-8E69-49B4-A0AB-E1F1ECDDF71F}
		{3A4B65EB-1449-4473-B304-53D9E9276821} = {E6564F24-65EC-4EA0-BF4E-12A689406A01}
		{FB479420-FDDA-4F2D-9314-75C6752B8154} = {5D9CD6E5-8E69-49B4-A0AB-E1F1ECDDF71F}
		{B3CE4873-137B-4716-81A4-2C35639B6BFA} = {5D9CD6E5-8E69-49B4-A0AB-E1F1ECDDF71F}
		{11B99DDE-F276-4A2E-BC80-FCEB11DAFA87} = {E6564F24-65EC-4EA0-BF4E-12A689406A01}
		{35CF1635-ABC9-456F-A105-DB195C4423E1} = {E6564F24-65EC-4EA0-BF4E-12A689406A01}
		{320CEBF2-949C-4444-B133-C45BB5B29632} = {070E4293-EF51-400F-B0DB-324859F1F093}
		{8678CE57-4918-4245-BB86-5E64B18223B9} = {57EFB259-F040-4D69-B060-8292B46A7491}
		{2128FB03-2896-40C2-8ECF-16BC1E03541D} = {E6564F24-65EC-4EA0-BF4E-12A689406A01}
		{277ACFF5-A75A-410B-A43E-0727673F377E} = {EBF9C38A-7109-486A-8BF4-231A9820D0C5}
	EndGlobalSection
	GlobalSection(ExtensibilityGlobals) = postSolution
		SolutionGuid = {EA71B4B3-D1F7-4C28-8F18-90FACE12E89C}
	EndGlobalSection
EndGlobal
